{
  "requires": true,
  "lockfileVersion": 1,
  "dependencies": {
    "@zxing/ngx-scanner": {
      "version": "3.6.2",
      "resolved": "https://registry.npmjs.org/@zxing/ngx-scanner/-/ngx-scanner-3.6.2.tgz",
      "integrity": "sha512-dwQfcmlg5Lepac2KII53CYUxPK65oLNHquaCtrlEHn3L9iVPtkZpZpjtg9wYLNmko5NGqIiQOHhpqkiMMk4+Kw==",
      "requires": {
        "tslib": "^2.3.0"
      }
    },
    "tslib": {
      "version": "2.4.0",
      "resolved": "https://registry.npmjs.org/tslib/-/tslib-2.4.0.tgz",
      "integrity": "sha512-d6xOpEDfsi2CZVlPQzGeux8XMwLT9hssAsaPYExaQMuYskwb+x1x7J371tWlbBdWHroy99KnVB6qIkUbs5X3UQ=="
    }
  }
}
